
Microsoft Visual Studio Solution File, Format Version 10.00
# Visual Studio 2008
Project("{8BC9CEB8-8B4A-11D0-8D11-00A0C91BC942}") = "WinSvchostService", "WinSvchostService\WinSvchostService.vcproj", "{7100A502-AF77-4D98-9B27-313EF59B9DAE}"
EndProject
Global
	GlobalSection(SolutionConfigurationPlatforms) = preSolution
		Debug|Win32 = Debug|Win32
		Release|Win32 = Release|Win32
	EndGlobalSection
	GlobalSection(ProjectConfigurationPlatforms) = postSolution
		{7100A502-AF77-4D98-9B27-313EF59B9DAE}.Debug|Win32.ActiveCfg = Debug|Win32
		{7100A502-AF77-4D98-9B27-313EF59B9DAE}.Debug|Win32.Build.0 = Debug|Win32
		{7100A502-AF77-4D98-9B27-313EF59B9DAE}.Release|Win32.ActiveCfg = Release|Win32
		{7100A502-AF77-4D98-9B27-313EF59B9DAE}.Release|Win32.Build.0 = Release|Win32
	EndGlobalSection
	GlobalSection(SolutionProperties) = preSolution
		HideSolutionNode = FALSE
	EndGlobalSection
EndGlobal
