
Microsoft Visual Studio Solution File, Format Version 10.00
# Visual Studio 2008
Project("{8BC9CEB8-8B4A-11D0-8D11-00A0C91BC942}") = "xpatternlib", "xpatternlib.vcproj", "{2A324A87-60EB-4A0D-9943-1F7DE2EA3C3E}"
EndProject
Project("{8BC9CEB8-8B4A-11D0-8D11-00A0C91BC942}") = "xpatternlibtest", "xpatternlibtest.vcproj", "{4941F1E8-FD9A-4589-80AE-47F1F0E068C3}"
EndProject
Global
	GlobalSection(SolutionConfigurationPlatforms) = preSolution
		Debug|Win32 = Debug|Win32
		Release|Win32 = Release|Win32
	EndGlobalSection
	GlobalSection(ProjectConfigurationPlatforms) = postSolution
		{2A324A87-60EB-4A0D-9943-1F7DE2EA3C3E}.Debug|Win32.ActiveCfg = Debug|Win32
		{2A324A87-60EB-4A0D-9943-1F7DE2EA3C3E}.Debug|Win32.Build.0 = Debug|Win32
		{2A324A87-60EB-4A0D-9943-1F7DE2EA3C3E}.Release|Win32.ActiveCfg = Release|Win32
		{2A324A87-60EB-4A0D-9943-1F7DE2EA3C3E}.Release|Win32.Build.0 = Release|Win32
		{4941F1E8-FD9A-4589-80AE-47F1F0E068C3}.Debug|Win32.ActiveCfg = Debug|Win32
		{4941F1E8-FD9A-4589-80AE-47F1F0E068C3}.Debug|Win32.Build.0 = Debug|Win32
		{4941F1E8-FD9A-4589-80AE-47F1F0E068C3}.Release|Win32.ActiveCfg = Release|Win32
		{4941F1E8-FD9A-4589-80AE-47F1F0E068C3}.Release|Win32.Build.0 = Release|Win32
	EndGlobalSection
	GlobalSection(SolutionProperties) = preSolution
		HideSolutionNode = FALSE
	EndGlobalSection
EndGlobal
